
Microsoft Visual Studio Solution File, Format Version 12.00
# Visual Studio Version 18
VisualStudioVersion = 18.6.11806.211 stable
MinimumVisualStudioVersion = 10.0.40219.1
Project("{FAE04EC0-301F-11D3-BF4B-00C04F79EFBC}") = "TempleManagementApi", "TempleManagementApi.csproj", "{B28857AD-2A75-8841-C8B9-AD91272268E0}"
EndProject
Global
	GlobalSection(SolutionConfigurationPlatforms) = preSolution
		Debug|Any CPU = Debug|Any CPU
		Release|Any CPU = Release|Any CPU
	EndGlobalSection
	GlobalSection(ProjectConfigurationPlatforms) = postSolution
		{B28857AD-2A75-8841-C8B9-AD91272268E0}.Debug|Any CPU.ActiveCfg = Debug|Any CPU
		{B28857AD-2A75-8841-C8B9-AD91272268E0}.Debug|Any CPU.Build.0 = Debug|Any CPU
		{B28857AD-2A75-8841-C8B9-AD91272268E0}.Release|Any CPU.ActiveCfg = Release|Any CPU
		{B28857AD-2A75-8841-C8B9-AD91272268E0}.Release|Any CPU.Build.0 = Release|Any CPU
	EndGlobalSection
	GlobalSection(SolutionProperties) = preSolution
		HideSolutionNode = FALSE
	EndGlobalSection
	GlobalSection(ExtensibilityGlobals) = postSolution
		SolutionGuid = {9446E620-BD41-4921-A41C-ED21264648EC}
	EndGlobalSection
EndGlobal
